# This file is automatically @generated by pesde.
# It is not intended for manual editing.
format = 2
name = "rocketcamel/elementium_util"
version = "0.1.0"
target = "roblox"

[graph."wally#ukendio/jecs@0.0.0-c69568da6e0e3d9ffa7eec8c0ab4fe0d34f02178 roblox"]
direct = ["jecs", { repo = "https://github.com/ukendio/jecs", rev = "v0.11.0" }, "standard"]

[graph."wally#ukendio/jecs@0.0.0-c69568da6e0e3d9ffa7eec8c0ab4fe0d34f02178 roblox".pkg_ref]
ref_ty = "git"
repo = "https://github.com/ukendio/jecs"
tree_id = "c69568da6e0e3d9ffa7eec8c0ab4fe0d34f02178"
new_structure = false
