# This file is automatically @generated by pesde.
# It is not intended for manual editing.
format = 2
name = "rocketcamel/elementium_scheduler"
version = "0.1.0"
target = "roblox"

[graph."wally#alicesaidhi/jabby@0.0.0-70b3fb460d87a4360a4ee31109accad31146cfcb roblox"]
direct = ["jabby", { repo = "https://github.com/alicesaidhi/jabby", rev = "436e482" }, "standard"]

[graph."wally#alicesaidhi/jabby@0.0.0-70b3fb460d87a4360a4ee31109accad31146cfcb roblox".dependencies]
jecs = ["wally#ukendio/jecs@0.11.0 roblox", "standard"]
pebble = ["wally#alicesaidhi/pebble@0.2.0 roblox", "standard"]
vide = ["wally#centau/vide@0.4.1 roblox", "standard"]

[graph."wally#alicesaidhi/jabby@0.0.0-70b3fb460d87a4360a4ee31109accad31146cfcb roblox".pkg_ref]
ref_ty = "git"
repo = "https://github.com/alicesaidhi/jabby"
tree_id = "70b3fb460d87a4360a4ee31109accad31146cfcb"
new_structure = false

[graph."wally#alicesaidhi/jabby@0.0.0-70b3fb460d87a4360a4ee31109accad31146cfcb roblox".pkg_ref.dependencies]
jecs = [{ wally = "wally#ukendio/jecs", version = "^0.11.0", index = "https://github.com/UpliftGames/wally-index" }, "standard"]
pebble = [{ wally = "wally#alicesaidhi/pebble", version = "^0.2.0", index = "https://github.com/UpliftGames/wally-index" }, "standard"]
vide = [{ wally = "wally#centau/vide", version = "^0.4.0", index = "https://github.com/UpliftGames/wally-index" }, "standard"]

[graph."wally#alicesaidhi/pebble@0.2.0 roblox".dependencies]
vide = ["wally#centau/vide@0.4.1 roblox", "standard"]

[graph."wally#alicesaidhi/pebble@0.2.0 roblox".pkg_ref]
ref_ty = "wally"
index_url = "https://github.com/UpliftGames/wally-index"

[graph."wally#alicesaidhi/pebble@0.2.0 roblox".pkg_ref.dependencies]
vide = [{ wally = "wally#centau/vide", version = ">=0.4.0, <0.5.0", index = "https://github.com/UpliftGames/wally-index" }, "standard"]

[graph."wally#centau/vide@0.4.1 roblox".pkg_ref]
ref_ty = "wally"
index_url = "https://github.com/UpliftGames/wally-index"

[graph."wally#ukendio/jecs@0.11.0 roblox".pkg_ref]
ref_ty = "wally"
index_url = "https://github.com/UpliftGames/wally-index"
